
Microsoft Visual Studio Solution File, Format Version 12.00
# Visual Studio Version 16
VisualStudioVersion = 16.0.31112.23
MinimumVisualStudioVersion = 10.0.40219.1
Project("{8BC9CEB8-8B4A-11D0-8D11-00A0C91BC942}") = "STL_P_2_1", "STL_P_2_1\STL_P_2_1.vcxproj", "{9CF2CF52-2021-4423-8BCE-8938682125BA}"
EndProject
Global
	GlobalSection(SolutionConfigurationPlatforms) = preSolution
		Debug|x64 = Debug|x64
		Debug|x86 = Debug|x86
		Release|x64 = Release|x64
		Release|x86 = Release|x86
	EndGlobalSection
	GlobalSection(ProjectConfigurationPlatforms) = postSolution
		{9CF2CF52-2021-4423-8BCE-8938682125BA}.Debug|x64.ActiveCfg = Debug|x64
		{9CF2CF52-2021-4423-8BCE-8938682125BA}.Debug|x64.Build.0 = Debug|x64
		{9CF2CF52-2021-4423-8BCE-8938682125BA}.Debug|x86.ActiveCfg = Debug|Win32
		{9CF2CF52-2021-4423-8BCE-8938682125BA}.Debug|x86.Build.0 = Debug|Win32
		{9CF2CF52-2021-4423-8BCE-8938682125BA}.Release|x64.ActiveCfg = Release|x64
		{9CF2CF52-2021-4423-8BCE-8938682125BA}.Release|x64.Build.0 = Release|x64
		{9CF2CF52-2021-4423-8BCE-8938682125BA}.Release|x86.ActiveCfg = Release|Win32
		{9CF2CF52-2021-4423-8BCE-8938682125BA}.Release|x86.Build.0 = Release|Win32
	EndGlobalSection
	GlobalSection(SolutionProperties) = preSolution
		HideSolutionNode = FALSE
	EndGlobalSection
	GlobalSection(ExtensibilityGlobals) = postSolution
		SolutionGuid = {F461D1BD-C4E6-465E-8E0D-AF257570DEDE}
	EndGlobalSection
EndGlobal
